
Microsoft Visual Studio Solution File, Format Version 12.00
# Visual Studio 15
VisualStudioVersion = 15.0.27703.1
MinimumVisualStudioVersion = 10.0.40219.1
Project("{FAE04EC0-301F-11D3-BF4B-00C04F79EFBC}") = "office_uploads", "office_uploads\office_uploads.csproj", "{72F62224-A733-42B7-BEA5-24CDFAA5C304}"
EndProject
Global
	GlobalSection(SolutionConfigurationPlatforms) = preSolution
		Debug|Any CPU = Debug|Any CPU
		Release|Any CPU = Release|Any CPU
	EndGlobalSection
	GlobalSection(ProjectConfigurationPlatforms) = postSolution
		{72F62224-A733-42B7-BEA5-24CDFAA5C304}.Debug|Any CPU.ActiveCfg = Debug|Any CPU
		{72F62224-A733-42B7-BEA5-24CDFAA5C304}.Debug|Any CPU.Build.0 = Debug|Any CPU
		{72F62224-A733-42B7-BEA5-24CDFAA5C304}.Release|Any CPU.ActiveCfg = Release|Any CPU
		{72F62224-A733-42B7-BEA5-24CDFAA5C304}.Release|Any CPU.Build.0 = Release|Any CPU
	EndGlobalSection
	GlobalSection(SolutionProperties) = preSolution
		HideSolutionNode = FALSE
	EndGlobalSection
	GlobalSection(ExtensibilityGlobals) = postSolution
		SolutionGuid = {F068B1EC-CBFB-42DD-9379-DA621CF751F4}
	EndGlobalSection
EndGlobal
